
Microsoft Visual Studio Solution File, Format Version 12.00
# Visual Studio for Mac
Project("{FAE04EC0-301F-11D3-BF4B-00C04F79EFBC}") = "Assembly-CSharp", "Assembly-CSharp.csproj", "{2EC7CD6B-A59A-5B79-8AA6-8DF34BA5B3BC}"
EndProject
Project("{FAE04EC0-301F-11D3-BF4B-00C04F79EFBC}") = "Assembly-CSharp-Editor", "Assembly-CSharp-Editor.csproj", "{F868CA98-9F69-986D-5B5F-6F8797AC238B}"
EndProject
Global
	GlobalSection(SolutionConfigurationPlatforms) = preSolution
		Debug|Any CPU = Debug|Any CPU
		Release|Any CPU = Release|Any CPU
	EndGlobalSection
	GlobalSection(ProjectConfigurationPlatforms) = postSolution
		{2EC7CD6B-A59A-5B79-8AA6-8DF34BA5B3BC}.Debug|Any CPU.ActiveCfg = Debug|Any CPU
		{2EC7CD6B-A59A-5B79-8AA6-8DF34BA5B3BC}.Debug|Any CPU.Build.0 = Debug|Any CPU
		{2EC7CD6B-A59A-5B79-8AA6-8DF34BA5B3BC}.Release|Any CPU.ActiveCfg = Release|Any CPU
		{2EC7CD6B-A59A-5B79-8AA6-8DF34BA5B3BC}.Release|Any CPU.Build.0 = Release|Any CPU
		{F868CA98-9F69-986D-5B5F-6F8797AC238B}.Debug|Any CPU.ActiveCfg = Debug|Any CPU
		{F868CA98-9F69-986D-5B5F-6F8797AC238B}.Debug|Any CPU.Build.0 = Debug|Any CPU
		{F868CA98-9F69-986D-5B5F-6F8797AC238B}.Release|Any CPU.ActiveCfg = Release|Any CPU
		{F868CA98-9F69-986D-5B5F-6F8797AC238B}.Release|Any CPU.Build.0 = Release|Any CPU
	EndGlobalSection
	GlobalSection(SolutionProperties) = preSolution
		HideSolutionNode = FALSE
	EndGlobalSection
EndGlobal
